
Microsoft Visual Studio Solution File, Format Version 12.00
# Visual Studio Version 17
VisualStudioVersion = 17.8.34511.84
MinimumVisualStudioVersion = 10.0.40219.1
Project("{2150E333-8FDC-42A3-9474-1A3956D46DE8}") = "LIB", "LIB", "{C7A37E77-763E-45F4-B286-2F122331FC17}"
EndProject
Project("{2150E333-8FDC-42A3-9474-1A3956D46DE8}") = "UI", "UI", "{23FDFEBF-D109-4DA1-A769-2076FCA418CE}"
EndProject
Project("{9A19103F-16F7-4668-BE54-9A1E7A4F7556}") = "KDMSViewer", "UI\KDMSViewer\KDMSViewer.csproj", "{186810FB-15D1-4C7B-BF79-8029BBEB28B4}"
EndProject
Project("{9A19103F-16F7-4668-BE54-9A1E7A4F7556}") = "KDMS.EF.Core", "LIB\KDMS.EF.Core\KDMS.EF.Core.csproj", "{78FC39C4-4915-475A-8923-10B59521984E}"
EndProject
Project("{9A19103F-16F7-4668-BE54-9A1E7A4F7556}") = "MessageSenderTest", "UI\MessageSenderTest\MessageSenderTest.csproj", "{8B996749-1A6B-405E-82E7-45870FE4821B}"
EndProject
Project("{9A19103F-16F7-4668-BE54-9A1E7A4F7556}") = "KDMSServer", "UI\KDMSServer\KDMSServer.csproj", "{BAFBC6FD-1637-4C41-8141-B7E148A914BB}"
EndProject
Project("{9A19103F-16F7-4668-BE54-9A1E7A4F7556}") = "KdmsTcpSocket", "LIB\KdmsTcpSocket\KdmsTcpSocket.csproj", "{F783C85C-15F7-4400-B2DE-002049B5EF08}"
EndProject
Project("{2150E333-8FDC-42A3-9474-1A3956D46DE8}") = "TEST", "TEST", "{1DECEC48-B789-4AE3-B62B-925769EC8D3B}"
EndProject
Project("{9A19103F-16F7-4668-BE54-9A1E7A4F7556}") = "KdmsSample", "Test\KdmsSample\KdmsSample.csproj", "{33A3BE66-264D-462D-9A21-00D5FE78592D}"
EndProject
Global
	GlobalSection(SolutionConfigurationPlatforms) = preSolution
		Debug|Any CPU = Debug|Any CPU
		Release|Any CPU = Release|Any CPU
	EndGlobalSection
	GlobalSection(ProjectConfigurationPlatforms) = postSolution
		{186810FB-15D1-4C7B-BF79-8029BBEB28B4}.Debug|Any CPU.ActiveCfg = Debug|Any CPU
		{186810FB-15D1-4C7B-BF79-8029BBEB28B4}.Debug|Any CPU.Build.0 = Debug|Any CPU
		{186810FB-15D1-4C7B-BF79-8029BBEB28B4}.Release|Any CPU.ActiveCfg = Release|Any CPU
		{186810FB-15D1-4C7B-BF79-8029BBEB28B4}.Release|Any CPU.Build.0 = Release|Any CPU
		{78FC39C4-4915-475A-8923-10B59521984E}.Debug|Any CPU.ActiveCfg = Debug|Any CPU
		{78FC39C4-4915-475A-8923-10B59521984E}.Debug|Any CPU.Build.0 = Debug|Any CPU
		{78FC39C4-4915-475A-8923-10B59521984E}.Release|Any CPU.ActiveCfg = Release|Any CPU
		{78FC39C4-4915-475A-8923-10B59521984E}.Release|Any CPU.Build.0 = Release|Any CPU
		{8B996749-1A6B-405E-82E7-45870FE4821B}.Debug|Any CPU.ActiveCfg = Debug|Any CPU
		{8B996749-1A6B-405E-82E7-45870FE4821B}.Debug|Any CPU.Build.0 = Debug|Any CPU
		{8B996749-1A6B-405E-82E7-45870FE4821B}.Release|Any CPU.ActiveCfg = Release|Any CPU
		{8B996749-1A6B-405E-82E7-45870FE4821B}.Release|Any CPU.Build.0 = Release|Any CPU
		{BAFBC6FD-1637-4C41-8141-B7E148A914BB}.Debug|Any CPU.ActiveCfg = Debug|Any CPU
		{BAFBC6FD-1637-4C41-8141-B7E148A914BB}.Debug|Any CPU.Build.0 = Debug|Any CPU
		{BAFBC6FD-1637-4C41-8141-B7E148A914BB}.Release|Any CPU.ActiveCfg = Release|Any CPU
		{BAFBC6FD-1637-4C41-8141-B7E148A914BB}.Release|Any CPU.Build.0 = Release|Any CPU
		{F783C85C-15F7-4400-B2DE-002049B5EF08}.Debug|Any CPU.ActiveCfg = Debug|Any CPU
		{F783C85C-15F7-4400-B2DE-002049B5EF08}.Debug|Any CPU.Build.0 = Debug|Any CPU
		{F783C85C-15F7-4400-B2DE-002049B5EF08}.Release|Any CPU.ActiveCfg = Release|Any CPU
		{F783C85C-15F7-4400-B2DE-002049B5EF08}.Release|Any CPU.Build.0 = Release|Any CPU
		{33A3BE66-264D-462D-9A21-00D5FE78592D}.Debug|Any CPU.ActiveCfg = Debug|Any CPU
		{33A3BE66-264D-462D-9A21-00D5FE78592D}.Debug|Any CPU.Build.0 = Debug|Any CPU
		{33A3BE66-264D-462D-9A21-00D5FE78592D}.Release|Any CPU.ActiveCfg = Release|Any CPU
		{33A3BE66-264D-462D-9A21-00D5FE78592D}.Release|Any CPU.Build.0 = Release|Any CPU
	EndGlobalSection
	GlobalSection(SolutionProperties) = preSolution
		HideSolutionNode = FALSE
	EndGlobalSection
	GlobalSection(NestedProjects) = preSolution
		{186810FB-15D1-4C7B-BF79-8029BBEB28B4} = {23FDFEBF-D109-4DA1-A769-2076FCA418CE}
		{78FC39C4-4915-475A-8923-10B59521984E} = {C7A37E77-763E-45F4-B286-2F122331FC17}
		{8B996749-1A6B-405E-82E7-45870FE4821B} = {23FDFEBF-D109-4DA1-A769-2076FCA418CE}
		{BAFBC6FD-1637-4C41-8141-B7E148A914BB} = {23FDFEBF-D109-4DA1-A769-2076FCA418CE}
		{F783C85C-15F7-4400-B2DE-002049B5EF08} = {C7A37E77-763E-45F4-B286-2F122331FC17}
		{33A3BE66-264D-462D-9A21-00D5FE78592D} = {1DECEC48-B789-4AE3-B62B-925769EC8D3B}
	EndGlobalSection
	GlobalSection(ExtensibilityGlobals) = postSolution
		SolutionGuid = {DFA4AE02-3935-4FC9-819E-1BCFF13FFC6C}
	EndGlobalSection
EndGlobal
